
Microsoft Visual Studio Solution File, Format Version 11.00
# Visual Studio 2010
Project("{FAE04EC0-301F-11D3-BF4B-00C04F79EFBC}") = "Skulk", "Skulk\Skulk\Skulk.csproj", "{4D4EEE59-1D91-49F5-BF5E-BB825DDC8C3C}"
EndProject
Project("{96E2B04D-8817-42C6-938A-82C39BA4D311}") = "SkulkContent", "Skulk\SkulkContent\SkulkContent.contentproj", "{F4369F56-19B7-4404-962D-771A79238095}"
EndProject
Global
	GlobalSection(SolutionConfigurationPlatforms) = preSolution
		Debug|x86 = Debug|x86
		Release|x86 = Release|x86
	EndGlobalSection
	GlobalSection(ProjectConfigurationPlatforms) = postSolution
		{4D4EEE59-1D91-49F5-BF5E-BB825DDC8C3C}.Debug|x86.ActiveCfg = Debug|x86
		{4D4EEE59-1D91-49F5-BF5E-BB825DDC8C3C}.Debug|x86.Build.0 = Debug|x86
		{4D4EEE59-1D91-49F5-BF5E-BB825DDC8C3C}.Release|x86.ActiveCfg = Release|x86
		{4D4EEE59-1D91-49F5-BF5E-BB825DDC8C3C}.Release|x86.Build.0 = Release|x86
		{F4369F56-19B7-4404-962D-771A79238095}.Debug|x86.ActiveCfg = Debug|x86
		{F4369F56-19B7-4404-962D-771A79238095}.Release|x86.ActiveCfg = Release|x86
	EndGlobalSection
	GlobalSection(SolutionProperties) = preSolution
		HideSolutionNode = FALSE
	EndGlobalSection
EndGlobal
